
Microsoft Visual Studio Solution File, Format Version 12.00
# Visual Studio 15
VisualStudioVersion = 15.0.28010.2050
MinimumVisualStudioVersion = 10.0.40219.1
Project("{8BC9CEB8-8B4A-11D0-8D11-00A0C91BC942}") = "RSA", "RSA\RSA.vcxproj", "{35141610-7792-4D38-8E6D-CAB94910F8BD}"
EndProject
Global
	GlobalSection(SolutionConfigurationPlatforms) = preSolution
		Debug|x64 = Debug|x64
		Debug|x86 = Debug|x86
		Release|x64 = Release|x64
		Release|x86 = Release|x86
	EndGlobalSection
	GlobalSection(ProjectConfigurationPlatforms) = postSolution
		{35141610-7792-4D38-8E6D-CAB94910F8BD}.Debug|x64.ActiveCfg = Debug|x64
		{35141610-7792-4D38-8E6D-CAB94910F8BD}.Debug|x64.Build.0 = Debug|x64
		{35141610-7792-4D38-8E6D-CAB94910F8BD}.Debug|x86.ActiveCfg = Debug|Win32
		{35141610-7792-4D38-8E6D-CAB94910F8BD}.Debug|x86.Build.0 = Debug|Win32
		{35141610-7792-4D38-8E6D-CAB94910F8BD}.Release|x64.ActiveCfg = Release|x64
		{35141610-7792-4D38-8E6D-CAB94910F8BD}.Release|x64.Build.0 = Release|x64
		{35141610-7792-4D38-8E6D-CAB94910F8BD}.Release|x86.ActiveCfg = Release|Win32
		{35141610-7792-4D38-8E6D-CAB94910F8BD}.Release|x86.Build.0 = Release|Win32
	EndGlobalSection
	GlobalSection(SolutionProperties) = preSolution
		HideSolutionNode = FALSE
	EndGlobalSection
	GlobalSection(ExtensibilityGlobals) = postSolution
		SolutionGuid = {6B24EBBA-14CC-42C5-8B62-C54B8F778276}
	EndGlobalSection
EndGlobal
